{
  "name": "@goldix.org/loggers",
  "version": "0.0.9",
  "lockfileVersion": 1,
  "requires": true,
  "dependencies": {
    "@goldix.org/logger-console": {
      "version": "0.0.6",
      "resolved": "https://registry.npmjs.org/@goldix.org/logger-console/-/logger-console-0.0.6.tgz",
      "integrity": "sha512-3e+IovWWlhmgFSDGEkUKYM7oUejtdsgPT+Korw4hXNS/M6Kx6diBs7G0iYfQwZXU5db6QaKsAzA+bQSAa+byjA==",
      "requires": {
        "@goldix.org/logger-proxy": "0.0.2"
      }
    },
    "@goldix.org/logger-proxy": {
      "version": "0.0.2",
      "resolved": "https://registry.npmjs.org/@goldix.org/logger-proxy/-/logger-proxy-0.0.2.tgz",
      "integrity": "sha512-aKLA0i6a30OA/ABiaKoLkzbVRzGNaX5IOIJuIxNpZRf6568C+g9iEIVZELXUq6uyWB6rIfkOZSujFh7RWIds6g==",
      "requires": {
        "@goldix.org/profiler": "0.0.1"
      }
    },
    "@goldix.org/profiler": {
      "version": "0.0.1",
      "resolved": "https://registry.npmjs.org/@goldix.org/profiler/-/profiler-0.0.1.tgz",
      "integrity": "sha512-yzv/xEpmLO77pbmwBWgK+gxT52TgLvX2ZR2bs97Thu+j59Y2vnkfVhhntEtIjNcFo6D2vjhb/wENM5LTm1Xs2w=="
    }
  }
}
