{
  "name": "@goldix.org/loggers",
  "version": "0.0.6",
  "lockfileVersion": 1,
  "requires": true,
  "dependencies": {
    "@goldix.org/logger-console": {
      "version": "0.0.1",
      "resolved": "https://registry.npmjs.org/@goldix.org/logger-console/-/logger-console-0.0.1.tgz",
      "integrity": "sha512-hsHAq1I+OoDYOLDEXa/T0XcVV2/4b6ot6GKBao28MksD0Ue1P2Hy5SEfy1FCNDkhtfBiJ8AL/km3TyxAm9UmvA==",
      "requires": {
        "@goldix.org/profiler": "0.0.1"
      }
    },
    "@goldix.org/profiler": {
      "version": "0.0.1",
      "resolved": "https://registry.npmjs.org/@goldix.org/profiler/-/profiler-0.0.1.tgz",
      "integrity": "sha512-yzv/xEpmLO77pbmwBWgK+gxT52TgLvX2ZR2bs97Thu+j59Y2vnkfVhhntEtIjNcFo6D2vjhb/wENM5LTm1Xs2w=="
    }
  }
}
